{
    "_meta": {
        "hash": {
            "sha256": "2f8ccb4cd89a021dcdb383cfe2427c6c859ffda7334d5423542a4b5c60f109ca"
        },
        "pipfile-spec": 6,
        "requires": {
            "python_version": "3.10"
        },
        "sources": [
            {
                "name": "pypi",
                "url": "https://pypi.org/simple",
                "verify_ssl": true
            }
        ]
    },
    "default": {
        "asgiref": {
            "hashes": [
                "sha256:71e68008da809b957b7ee4b43dbccff33d1b23519fb8344e33f049897077afac",
                "sha256:9567dfe7bd8d3c8c892227827c41cce860b368104c3431da67a0c5a65a949506"
            ],
            "markers": "python_version >= '3.7'",
            "version": "==3.6.0"
        },
        "crispy-bootstrap5": {
            "hashes": [
                "sha256:0745a67199619149b7feca87dab7a45664876ed50fb582b38fd2aeb3f8a8d869",
                "sha256:f3ff1ef5cb379fe80b1b02e245008f276444098a4bdb8d855bed84c623798a85"
            ],
            "index": "pypi",
            "version": "==0.7"
        },
        "django": {
            "hashes": [
                "sha256:44f714b81c5f190d9d2ddad01a532fe502fa01c4cb8faf1d081f4264ed15dcd8",
                "sha256:f2f431e75adc40039ace496ad3b9f17227022e8b11566f4b363da44c7e44761e"
            ],
            "index": "pypi",
            "version": "==4.1.7"
        },
        "django-autoslug": {
            "hashes": [
                "sha256:26459eeddec207e307c55777a10fc25d17f4978753695340b16a17ed248a6f70",
                "sha256:bae66c27d35615f472865b99c4d107f3b3add3d22ee337e84960fc07694abd45"
            ],
            "version": "==1.9.8"
        },
        "django-bootstrap5": {
            "hashes": [
                "sha256:5d677bbfb94207c1a034d63a5f39d95ce287ef509e0b31dfb4d233cc81f93bcc",
                "sha256:e944f5ced342e0e16cde77e1ddacb4b9fd5bce4cc190df2f7da0b8e18a24c9cb"
            ],
            "index": "pypi",
            "version": "==22.2"
        },
        "django-cities-light": {
            "hashes": [
                "sha256:30899beabcbf24cfe2ce345cfdb36d1b22f14bae3f45e06f56e08a3c39574edf",
                "sha256:c8f1e04fc2b607d142ec8163b5d85fa730dde89abc2cbfa28a6fc5859e1a0868"
            ],
            "index": "pypi",
            "version": "==3.9.2"
        },
        "django-crispy-forms": {
            "hashes": [
                "sha256:90193b068bf948d9c68449bc8260afed1a8e2afe11ee0bac8c4ebfaeb175b322",
                "sha256:d1d4e585929058a9ab3b797666ea5b69320b9ba7937f9d146d32173246a6fd13"
            ],
            "index": "pypi",
            "version": "==2.0"
        },
        "django-debug-toolbar": {
            "hashes": [
                "sha256:24ef1a7d44d25e60d7951e378454c6509bf536dce7e7d9d36e7c387db499bc27",
                "sha256:879f8a4672d41621c06a4d322dcffa630fc4df056cada6e417ed01db0e5e0478"
            ],
            "index": "pypi",
            "version": "==3.8.1"
        },
        "progressbar2": {
            "hashes": [
                "sha256:1393922fcb64598944ad457569fbeb4b3ac189ef50b5adb9cef3284e87e394ce",
                "sha256:1a8e201211f99a85df55f720b3b6da7fb5c8cdef56792c4547205be2de5ea606"
            ],
            "markers": "python_full_version >= '3.7.0'",
            "version": "==4.2.0"
        },
        "python-utils": {
            "hashes": [
                "sha256:68198854fc276bc4b2403b261703c218e01ef564dcb072a7096ed9ea7aa5130c",
                "sha256:8bfefc3430f1c48408fa0e5958eee51d39840a5a987c2181a579e99ab6fe5ca6"
            ],
            "markers": "python_version >= '3.7'",
            "version": "==3.5.2"
        },
        "pytz": {
            "hashes": [
                "sha256:1d8ce29db189191fb55338ee6d0387d82ab59f3d00eac103412d64e0ebd0c588",
                "sha256:a151b3abb88eda1d4e34a9814df37de2a80e301e68ba0fd856fb9b46bfbbbffb"
            ],
            "version": "==2023.3"
        },
        "sqlparse": {
            "hashes": [
                "sha256:0323c0ec29cd52bceabc1b4d9d579e311f3e4961b98d174201d5622a23b85e34",
                "sha256:69ca804846bb114d2ec380e4360a8a340db83f0ccf3afceeb1404df028f57268"
            ],
            "markers": "python_version >= '3.5'",
            "version": "==0.4.3"
        },
        "tzdata": {
            "hashes": [
                "sha256:11ef1e08e54acb0d4f95bdb1be05da659673de4acbd21bf9c69e94cc5e907a3a",
                "sha256:7e65763eef3120314099b6939b5546db7adce1e7d6f2e179e3df563c70511eda"
            ],
            "markers": "sys_platform == 'win32'",
            "version": "==2023.3"
        },
        "unidecode": {
            "hashes": [
                "sha256:547d7c479e4f377b430dd91ac1275d593308dce0fc464fb2ab7d41f82ec653be",
                "sha256:fed09cf0be8cf415b391642c2a5addfc72194407caee4f98719e40ec2a72b830"
            ],
            "markers": "python_version >= '3.5'",
            "version": "==1.3.6"
        }
    },
    "develop": {}
}
